
Microsoft Visual Studio Solution File, Format Version 12.00
# Visual Studio Version 17
VisualStudioVersion = 17.9.34607.119
MinimumVisualStudioVersion = 10.0.40219.1
Project("{FAE04EC0-301F-11D3-BF4B-00C04F79EFBC}") = "WebApplication3", "WebApplication3\WebApplication3.csproj", "{803B48BF-ABC2-48DC-B204-444C2794AF13}"
EndProject
Global
	GlobalSection(SolutionConfigurationPlatforms) = preSolution
		Debug|Any CPU = Debug|Any CPU
		Release|Any CPU = Release|Any CPU
	EndGlobalSection
	GlobalSection(ProjectConfigurationPlatforms) = postSolution
		{803B48BF-ABC2-48DC-B204-444C2794AF13}.Debug|Any CPU.ActiveCfg = Debug|Any CPU
		{803B48BF-ABC2-48DC-B204-444C2794AF13}.Debug|Any CPU.Build.0 = Debug|Any CPU
		{803B48BF-ABC2-48DC-B204-444C2794AF13}.Release|Any CPU.ActiveCfg = Release|Any CPU
		{803B48BF-ABC2-48DC-B204-444C2794AF13}.Release|Any CPU.Build.0 = Release|Any CPU
	EndGlobalSection
	GlobalSection(SolutionProperties) = preSolution
		HideSolutionNode = FALSE
	EndGlobalSection
	GlobalSection(ExtensibilityGlobals) = postSolution
		SolutionGuid = {567A7E97-9B83-42E8-9D9B-194C20DD412D}
	EndGlobalSection
EndGlobal
